{
    "version": 3,
    "terraform_version": "0.10.7",
    "serial": 4,
    "lineage": "181901eb-dba8-4697-9553-bfe77efc1574",
    "modules": [
        {
            "path": [
                "root"
            ],
            "outputs": {},
            "resources": {},
            "depends_on": []
        },
        {
            "path": [
                "root",
                "network"
            ],
            "outputs": {
                "subnet_id": {
                    "sensitive": false,
                    "type": "string",
                    "value": "/subscriptions/1da42ac9-ee3e-4fdb-b294-f7a607f589d5/resourceGroups/rg_hol_terraform/providers/Microsoft.Network/virtualNetworks/holterraformvnet/subnets/holterraformsubnet"
                }
            },
            "resources": {
                "azurerm_subnet.subnet": {
                    "type": "azurerm_subnet",
                    "depends_on": [
                        "azurerm_virtual_network.vnet"
                    ],
                    "primary": {
                        "id": "/subscriptions/1da42ac9-ee3e-4fdb-b294-f7a607f589d5/resourceGroups/rg_hol_terraform/providers/Microsoft.Network/virtualNetworks/holterraformvnet/subnets/holterraformsubnet",
                        "attributes": {
                            "address_prefix": "10.0.10.0/24",
                            "id": "/subscriptions/1da42ac9-ee3e-4fdb-b294-f7a607f589d5/resourceGroups/rg_hol_terraform/providers/Microsoft.Network/virtualNetworks/holterraformvnet/subnets/holterraformsubnet",
                            "ip_configurations.#": "1",
                            "ip_configurations.879963106": "/subscriptions/1da42ac9-ee3e-4fdb-b294-f7a607f589d5/resourceGroups/rg_hol_terraform/providers/Microsoft.Network/networkInterfaces/holterraformnic/ipConfigurations/holterraformipconfig",
                            "name": "holterraformsubnet",
                            "resource_group_name": "rg_hol_terraform",
                            "service_endpoints.#": "0",
                            "virtual_network_name": "holterraformvnet"
                        },
                        "meta": {},
                        "tainted": false
                    },
                    "deposed": [],
                    "provider": ""
                },
                "azurerm_virtual_network.vnet": {
                    "type": "azurerm_virtual_network",
                    "depends_on": [],
                    "primary": {
                        "id": "/subscriptions/1da42ac9-ee3e-4fdb-b294-f7a607f589d5/resourceGroups/rg_hol_terraform/providers/Microsoft.Network/virtualNetworks/holterraformvnet",
                        "attributes": {
                            "address_space.#": "1",
                            "address_space.0": "10.0.0.0/16",
                            "dns_servers.#": "0",
                            "id": "/subscriptions/1da42ac9-ee3e-4fdb-b294-f7a607f589d5/resourceGroups/rg_hol_terraform/providers/Microsoft.Network/virtualNetworks/holterraformvnet",
                            "location": "westeurope",
                            "name": "holterraformvnet",
                            "resource_group_name": "rg_hol_terraform",
                            "subnet.#": "1",
                            "subnet.850882324.address_prefix": "10.0.10.0/24",
                            "subnet.850882324.name": "holterraformsubnet",
                            "subnet.850882324.security_group": "",
                            "tags.%": "1",
                            "tags.environment": "Terraform HOL bootcamp"
                        },
                        "meta": {},
                        "tainted": false
                    },
                    "deposed": [],
                    "provider": ""
                }
            },
            "depends_on": []
        },
        {
            "path": [
                "root",
                "resource-groupe"
            ],
            "outputs": {},
            "resources": {},
            "depends_on": []
        },
        {
            "path": [
                "root",
                "vm"
            ],
            "outputs": {},
            "resources": {
                "azurerm_network_interface.nic": {
                    "type": "azurerm_network_interface",
                    "depends_on": [
                        "azurerm_public_ip.pip"
                    ],
                    "primary": {
                        "id": "/subscriptions/1da42ac9-ee3e-4fdb-b294-f7a607f589d5/resourceGroups/rg_hol_terraform/providers/Microsoft.Network/networkInterfaces/holterraformnic",
                        "attributes": {
                            "applied_dns_servers.#": "0",
                            "dns_servers.#": "0",
                            "enable_accelerated_networking": "false",
                            "enable_ip_forwarding": "false",
                            "id": "/subscriptions/1da42ac9-ee3e-4fdb-b294-f7a607f589d5/resourceGroups/rg_hol_terraform/providers/Microsoft.Network/networkInterfaces/holterraformnic",
                            "internal_dns_name_label": "",
                            "internal_fqdn": "",
                            "ip_configuration.#": "1",
                            "ip_configuration.0.application_security_group_ids.#": "0",
                            "ip_configuration.0.load_balancer_backend_address_pools_ids.#": "0",
                            "ip_configuration.0.load_balancer_inbound_nat_rules_ids.#": "0",
                            "ip_configuration.0.name": "holterraformipconfig",
                            "ip_configuration.0.primary": "true",
                            "ip_configuration.0.private_ip_address": "",
                            "ip_configuration.0.private_ip_address_allocation": "dynamic",
                            "ip_configuration.0.public_ip_address_id": "/subscriptions/1da42ac9-ee3e-4fdb-b294-f7a607f589d5/resourceGroups/rg_hol_terraform/providers/Microsoft.Network/publicIPAddresses/holterraform-ip",
                            "ip_configuration.0.subnet_id": "/subscriptions/1da42ac9-ee3e-4fdb-b294-f7a607f589d5/resourceGroups/rg_hol_terraform/providers/Microsoft.Network/virtualNetworks/holterraformvnet/subnets/holterraformsubnet",
                            "location": "westeurope",
                            "mac_address": "00-0D-3A-21-58-D9",
                            "name": "holterraformnic",
                            "network_security_group_id": "",
                            "private_ip_address": "10.0.10.4",
                            "private_ip_addresses.#": "1",
                            "private_ip_addresses.0": "10.0.10.4",
                            "resource_group_name": "rg_hol_terraform",
                            "tags.%": "0",
                            "virtual_machine_id": "/subscriptions/1da42ac9-ee3e-4fdb-b294-f7a607f589d5/resourceGroups/rg_hol_terraform/providers/Microsoft.Compute/virtualMachines/holterraformvm"
                        },
                        "meta": {},
                        "tainted": false
                    },
                    "deposed": [],
                    "provider": ""
                },
                "azurerm_public_ip.pip": {
                    "type": "azurerm_public_ip",
                    "depends_on": [],
                    "primary": {
                        "id": "/subscriptions/1da42ac9-ee3e-4fdb-b294-f7a607f589d5/resourceGroups/rg_hol_terraform/providers/Microsoft.Network/publicIPAddresses/holterraform-ip",
                        "attributes": {
                            "domain_name_label": "holterraform",
                            "fqdn": "holterraform.westeurope.cloudapp.azure.com",
                            "id": "/subscriptions/1da42ac9-ee3e-4fdb-b294-f7a607f589d5/resourceGroups/rg_hol_terraform/providers/Microsoft.Network/publicIPAddresses/holterraform-ip",
                            "ip_address": "52.166.94.8",
                            "location": "westeurope",
                            "name": "holterraform-ip",
                            "public_ip_address_allocation": "dynamic",
                            "resource_group_name": "rg_hol_terraform",
                            "sku": "Basic",
                            "tags.%": "1",
                            "tags.environment": "Terraform HOL bootcamp",
                            "zones.#": "0"
                        },
                        "meta": {},
                        "tainted": false
                    },
                    "deposed": [],
                    "provider": ""
                }
            },
            "depends_on": []
        }
    ]
}
